hash: 72cc0087e7225c56f263722de489729c115ad7c753343991e48c2bd362f98f71
updated: 2019-01-03T09:51:29.479614524+08:00
imports:
- name: github.com/golang/protobuf
  version: 1d3f30b51784bec5aad268e59fd3c2fc1c2fe73f
  subpackages:
  - proto
- name: github.com/google/gopacket
  version: aae514bb9b6e0b934378e3eb1381a7783821fc16
  subpackages:
  - layers
  - pcap
testImports: []
